
Microsoft Visual Studio Solution File, Format Version 12.00
# Visual Studio Version 17
VisualStudioVersion = 17.12.35527.113 d17.12
MinimumVisualStudioVersion = 10.0.40219.1
Project("{FAE04EC0-301F-11D3-BF4B-00C04F79EFBC}") = "NewsManagementSystem", "NewsManagementSystem\NewsManagementSystem.csproj", "{6D331D20-FE63-4946-8BBC-618F41D05FA3}"
EndProject
Project("{FAE04EC0-301F-11D3-BF4B-00C04F79EFBC}") = "DAL", "DAL\DAL.csproj", "{5B629C25-A10D-44BE-AE98-21BDDF231C2D}"
EndProject
Project("{FAE04EC0-301F-11D3-BF4B-00C04F79EFBC}") = "BLL", "BLL\BLL.csproj", "{893C28C1-781A-4A21-A2E9-D5C82E91552A}"
EndProject
Global
	GlobalSection(SolutionConfigurationPlatforms) = preSolution
		Debug|Any CPU = Debug|Any CPU
		Release|Any CPU = Release|Any CPU
	EndGlobalSection
	GlobalSection(ProjectConfigurationPlatforms) = postSolution
		{6D331D20-FE63-4946-8BBC-618F41D05FA3}.Debug|Any CPU.ActiveCfg = Debug|Any CPU
		{6D331D20-FE63-4946-8BBC-618F41D05FA3}.Debug|Any CPU.Build.0 = Debug|Any CPU
		{6D331D20-FE63-4946-8BBC-618F41D05FA3}.Release|Any CPU.ActiveCfg = Release|Any CPU
		{6D331D20-FE63-4946-8BBC-618F41D05FA3}.Release|Any CPU.Build.0 = Release|Any CPU
		{5B629C25-A10D-44BE-AE98-21BDDF231C2D}.Debug|Any CPU.ActiveCfg = Debug|Any CPU
		{5B629C25-A10D-44BE-AE98-21BDDF231C2D}.Debug|Any CPU.Build.0 = Debug|Any CPU
		{5B629C25-A10D-44BE-AE98-21BDDF231C2D}.Release|Any CPU.ActiveCfg = Release|Any CPU
		{5B629C25-A10D-44BE-AE98-21BDDF231C2D}.Release|Any CPU.Build.0 = Release|Any CPU
		{893C28C1-781A-4A21-A2E9-D5C82E91552A}.Debug|Any CPU.ActiveCfg = Debug|Any CPU
		{893C28C1-781A-4A21-A2E9-D5C82E91552A}.Debug|Any CPU.Build.0 = Debug|Any CPU
		{893C28C1-781A-4A21-A2E9-D5C82E91552A}.Release|Any CPU.ActiveCfg = Release|Any CPU
		{893C28C1-781A-4A21-A2E9-D5C82E91552A}.Release|Any CPU.Build.0 = Release|Any CPU
	EndGlobalSection
	GlobalSection(SolutionProperties) = preSolution
		HideSolutionNode = FALSE
	EndGlobalSection
EndGlobal
